
Microsoft Visual Studio Solution File, Format Version 12.00
# Visual Studio Version 16
VisualStudioVersion = 16.0.31829.152
MinimumVisualStudioVersion = 10.0.40219.1
Project("{FAE04EC0-301F-11D3-BF4B-00C04F79EFBC}") = "ArchivosBinarios", "ArchivosBinarios.csproj", "{93DD372E-4778-46AA-B0C0-6CD23E7370C9}"
EndProject
Global
	GlobalSection(SolutionConfigurationPlatforms) = preSolution
		Debug|Any CPU = Debug|Any CPU
		Release|Any CPU = Release|Any CPU
	EndGlobalSection
	GlobalSection(ProjectConfigurationPlatforms) = postSolution
		{93DD372E-4778-46AA-B0C0-6CD23E7370C9}.Debug|Any CPU.ActiveCfg = Debug|Any CPU
		{93DD372E-4778-46AA-B0C0-6CD23E7370C9}.Debug|Any CPU.Build.0 = Debug|Any CPU
		{93DD372E-4778-46AA-B0C0-6CD23E7370C9}.Release|Any CPU.ActiveCfg = Release|Any CPU
		{93DD372E-4778-46AA-B0C0-6CD23E7370C9}.Release|Any CPU.Build.0 = Release|Any CPU
	EndGlobalSection
	GlobalSection(SolutionProperties) = preSolution
		HideSolutionNode = FALSE
	EndGlobalSection
	GlobalSection(ExtensibilityGlobals) = postSolution
		SolutionGuid = {3D1B6C36-6848-4F5B-AAB6-5EE8BB0C6508}
	EndGlobalSection
EndGlobal
